:- filter
        go.


/* added on 10 Jan 2007 17:02 *** BEGINS ***/
:- filter
	bad(dynamic,dynamic).

:- filter
	badTransition(type(sd_list),type(sd_list),dynamic,dynamic).

/* added on 10 Jan 2007 17:02 *** ENDS ***/

:- filter
        rState(type(sd_list)).
        
:- type sd_list ---> (struct(.,[static,type(list(dynamic))]) ; type(list(dynamic))).

:- filter
        probe(static,dynamic).
        
